
Microsoft Visual Studio Solution File, Format Version 12.00
# Visual Studio Version 16
VisualStudioVersion = 16.0.29102.190
MinimumVisualStudioVersion = 10.0.40219.1
Project("{FAE04EC0-301F-11D3-BF4B-00C04F79EFBC}") = "XFFirebaseMultiSample.Android", "XFFirebaseMultiSample.Android\XFFirebaseMultiSample.Android.csproj", "{F8D0AC47-8695-44E6-8E88-9B05000C8264}"
EndProject
Project("{FAE04EC0-301F-11D3-BF4B-00C04F79EFBC}") = "XFFirebaseMultiSample.iOS", "XFFirebaseMultiSample.iOS\XFFirebaseMultiSample.iOS.csproj", "{3DA109D3-83A1-4C2C-8168-E457D3B3031D}"
EndProject
Project("{FAE04EC0-301F-11D3-BF4B-00C04F79EFBC}") = "XFFirebaseMultiSample", "XFFirebaseMultiSample\XFFirebaseMultiSample.csproj", "{4E4D4AAA-0817-4E64-B224-DB26C00DB1C9}"
EndProject
Global
	GlobalSection(SolutionConfigurationPlatforms) = preSolution
		Debug|Any CPU = Debug|Any CPU
		Debug|iPhone = Debug|iPhone
		Debug|iPhoneSimulator = Debug|iPhoneSimulator
		Release|Any CPU = Release|Any CPU
		Release|iPhone = Release|iPhone
		Release|iPhoneSimulator = Release|iPhoneSimulator
	EndGlobalSection
	GlobalSection(ProjectConfigurationPlatforms) = postSolution
		{F8D0AC47-8695-44E6-8E88-9B05000C8264}.Debug|Any CPU.ActiveCfg = Debug|Any CPU
		{F8D0AC47-8695-44E6-8E88-9B05000C8264}.Debug|Any CPU.Build.0 = Debug|Any CPU
		{F8D0AC47-8695-44E6-8E88-9B05000C8264}.Debug|Any CPU.Deploy.0 = Debug|Any CPU
		{F8D0AC47-8695-44E6-8E88-9B05000C8264}.Debug|iPhone.ActiveCfg = Debug|Any CPU
		{F8D0AC47-8695-44E6-8E88-9B05000C8264}.Debug|iPhone.Build.0 = Debug|Any CPU
		{F8D0AC47-8695-44E6-8E88-9B05000C8264}.Debug|iPhone.Deploy.0 = Debug|Any CPU
		{F8D0AC47-8695-44E6-8E88-9B05000C8264}.Debug|iPhoneSimulator.ActiveCfg = Debug|Any CPU
		{F8D0AC47-8695-44E6-8E88-9B05000C8264}.Debug|iPhoneSimulator.Build.0 = Debug|Any CPU
		{F8D0AC47-8695-44E6-8E88-9B05000C8264}.Debug|iPhoneSimulator.Deploy.0 = Debug|Any CPU
		{F8D0AC47-8695-44E6-8E88-9B05000C8264}.Release|Any CPU.ActiveCfg = Release|Any CPU
		{F8D0AC47-8695-44E6-8E88-9B05000C8264}.Release|Any CPU.Build.0 = Release|Any CPU
		{F8D0AC47-8695-44E6-8E88-9B05000C8264}.Release|Any CPU.Deploy.0 = Release|Any CPU
		{F8D0AC47-8695-44E6-8E88-9B05000C8264}.Release|iPhone.ActiveCfg = Release|Any CPU
		{F8D0AC47-8695-44E6-8E88-9B05000C8264}.Release|iPhone.Build.0 = Release|Any CPU
		{F8D0AC47-8695-44E6-8E88-9B05000C8264}.Release|iPhone.Deploy.0 = Release|Any CPU
		{F8D0AC47-8695-44E6-8E88-9B05000C8264}.Release|iPhoneSimulator.ActiveCfg = Release|Any CPU
		{F8D0AC47-8695-44E6-8E88-9B05000C8264}.Release|iPhoneSimulator.Build.0 = Release|Any CPU
		{F8D0AC47-8695-44E6-8E88-9B05000C8264}.Release|iPhoneSimulator.Deploy.0 = Release|Any CPU
		{3DA109D3-83A1-4C2C-8168-E457D3B3031D}.Debug|Any CPU.ActiveCfg = Debug|iPhoneSimulator
		{3DA109D3-83A1-4C2C-8168-E457D3B3031D}.Debug|Any CPU.Build.0 = Debug|iPhoneSimulator
		{3DA109D3-83A1-4C2C-8168-E457D3B3031D}.Debug|Any CPU.Deploy.0 = Debug|iPhoneSimulator
		{3DA109D3-83A1-4C2C-8168-E457D3B3031D}.Debug|iPhone.ActiveCfg = Debug|iPhone
		{3DA109D3-83A1-4C2C-8168-E457D3B3031D}.Debug|iPhone.Build.0 = Debug|iPhone
		{3DA109D3-83A1-4C2C-8168-E457D3B3031D}.Debug|iPhone.Deploy.0 = Debug|iPhone
		{3DA109D3-83A1-4C2C-8168-E457D3B3031D}.Debug|iPhoneSimulator.ActiveCfg = Debug|iPhoneSimulator
		{3DA109D3-83A1-4C2C-8168-E457D3B3031D}.Debug|iPhoneSimulator.Build.0 = Debug|iPhoneSimulator
		{3DA109D3-83A1-4C2C-8168-E457D3B3031D}.Debug|iPhoneSimulator.Deploy.0 = Debug|iPhoneSimulator
		{3DA109D3-83A1-4C2C-8168-E457D3B3031D}.Release|Any CPU.ActiveCfg = Release|iPhone
		{3DA109D3-83A1-4C2C-8168-E457D3B3031D}.Release|Any CPU.Build.0 = Release|iPhone
		{3DA109D3-83A1-4C2C-8168-E457D3B3031D}.Release|Any CPU.Deploy.0 = Release|iPhone
		{3DA109D3-83A1-4C2C-8168-E457D3B3031D}.Release|iPhone.ActiveCfg = Release|iPhone
		{3DA109D3-83A1-4C2C-8168-E457D3B3031D}.Release|iPhone.Build.0 = Release|iPhone
		{3DA109D3-83A1-4C2C-8168-E457D3B3031D}.Release|iPhone.Deploy.0 = Release|iPhone
		{3DA109D3-83A1-4C2C-8168-E457D3B3031D}.Release|iPhoneSimulator.ActiveCfg = Release|iPhoneSimulator
		{3DA109D3-83A1-4C2C-8168-E457D3B3031D}.Release|iPhoneSimulator.Build.0 = Release|iPhoneSimulator
		{3DA109D3-83A1-4C2C-8168-E457D3B3031D}.Release|iPhoneSimulator.Deploy.0 = Release|iPhoneSimulator
		{4E4D4AAA-0817-4E64-B224-DB26C00DB1C9}.Debug|Any CPU.ActiveCfg = Debug|Any CPU
		{4E4D4AAA-0817-4E64-B224-DB26C00DB1C9}.Debug|Any CPU.Build.0 = Debug|Any CPU
		{4E4D4AAA-0817-4E64-B224-DB26C00DB1C9}.Debug|Any CPU.Deploy.0 = Debug|Any CPU
		{4E4D4AAA-0817-4E64-B224-DB26C00DB1C9}.Debug|iPhone.ActiveCfg = Debug|Any CPU
		{4E4D4AAA-0817-4E64-B224-DB26C00DB1C9}.Debug|iPhone.Build.0 = Debug|Any CPU
		{4E4D4AAA-0817-4E64-B224-DB26C00DB1C9}.Debug|iPhone.Deploy.0 = Debug|Any CPU
		{4E4D4AAA-0817-4E64-B224-DB26C00DB1C9}.Debug|iPhoneSimulator.ActiveCfg = Debug|Any CPU
		{4E4D4AAA-0817-4E64-B224-DB26C00DB1C9}.Debug|iPhoneSimulator.Build.0 = Debug|Any CPU
		{4E4D4AAA-0817-4E64-B224-DB26C00DB1C9}.Debug|iPhoneSimulator.Deploy.0 = Debug|Any CPU
		{4E4D4AAA-0817-4E64-B224-DB26C00DB1C9}.Release|Any CPU.ActiveCfg = Release|Any CPU
		{4E4D4AAA-0817-4E64-B224-DB26C00DB1C9}.Release|Any CPU.Build.0 = Release|Any CPU
		{4E4D4AAA-0817-4E64-B224-DB26C00DB1C9}.Release|Any CPU.Deploy.0 = Release|Any CPU
		{4E4D4AAA-0817-4E64-B224-DB26C00DB1C9}.Release|iPhone.ActiveCfg = Release|Any CPU
		{4E4D4AAA-0817-4E64-B224-DB26C00DB1C9}.Release|iPhone.Build.0 = Release|Any CPU
		{4E4D4AAA-0817-4E64-B224-DB26C00DB1C9}.Release|iPhone.Deploy.0 = Release|Any CPU
		{4E4D4AAA-0817-4E64-B224-DB26C00DB1C9}.Release|iPhoneSimulator.ActiveCfg = Release|Any CPU
		{4E4D4AAA-0817-4E64-B224-DB26C00DB1C9}.Release|iPhoneSimulator.Build.0 = Release|Any CPU
		{4E4D4AAA-0817-4E64-B224-DB26C00DB1C9}.Release|iPhoneSimulator.Deploy.0 = Release|Any CPU
	EndGlobalSection
	GlobalSection(SolutionProperties) = preSolution
		HideSolutionNode = FALSE
	EndGlobalSection
	GlobalSection(ExtensibilityGlobals) = postSolution
		SolutionGuid = {F715773C-E8CC-498A-A484-2E4E8ABE40D9}
	EndGlobalSection
EndGlobal
